
Microsoft Visual Studio Solution File, Format Version 12.00
# Visual Studio Version 17
VisualStudioVersion = 17.0.32014.148
MinimumVisualStudioVersion = 10.0.40219.1
Project("{FAE04EC0-301F-11D3-BF4B-00C04F79EFBC}") = "AngularProjVideo2", "AngularProjVideo2.csproj", "{BC322869-5EE3-4065-BF6C-093631FB4C05}"
EndProject
Global
	GlobalSection(SolutionConfigurationPlatforms) = preSolution
		Debug|Any CPU = Debug|Any CPU
		Release|Any CPU = Release|Any CPU
	EndGlobalSection
	GlobalSection(ProjectConfigurationPlatforms) = postSolution
		{BC322869-5EE3-4065-BF6C-093631FB4C05}.Debug|Any CPU.ActiveCfg = Debug|Any CPU
		{BC322869-5EE3-4065-BF6C-093631FB4C05}.Debug|Any CPU.Build.0 = Debug|Any CPU
		{BC322869-5EE3-4065-BF6C-093631FB4C05}.Release|Any CPU.ActiveCfg = Release|Any CPU
		{BC322869-5EE3-4065-BF6C-093631FB4C05}.Release|Any CPU.Build.0 = Release|Any CPU
	EndGlobalSection
	GlobalSection(SolutionProperties) = preSolution
		HideSolutionNode = FALSE
	EndGlobalSection
	GlobalSection(ExtensibilityGlobals) = postSolution
		SolutionGuid = {3BD6AA9A-6AC3-41AF-A69F-125A708E9286}
	EndGlobalSection
EndGlobal
